Microsoft Visual Studio Solution File, Format Version 12.00
# Visual Studio Version 17
VisualStudioVersion = 17.12.35527.113
MinimumVisualStudioVersion = 10.0.40219.1
Project("{FAE04EC0-301F-11D3-BF4B-00C04F79EFBC}") = "AdventOfCode2024.Day01.Part1App", "AdventOfCode2024.Day01.Part1App\AdventOfCode2024.Day01.Part1App.csproj", "{69EB215E-A912-45B4-A465-5D9C07223C83}"
EndProject
Project("{FAE04EC0-301F-11D3-BF4B-00C04F79EFBC}") = "AdventOfCode2024.Day01.Part2App", "AdventOfCode2024.Day01.Part2App\AdventOfCode2024.Day01.Part2App.csproj", "{4E31017D-8F43-461C-8367-8C16E5A41D1D}"
EndProject
Project("{FAE04EC0-301F-11D3-BF4B-00C04F79EFBC}") = "AdventOfCode2024.Day02.Part1App", "AdventOfCode2024.Day02.Part1App\AdventOfCode2024.Day02.Part1App.csproj", "{09DCFF01-E81A-4435-A01E-A1B4EAB41996}"
EndProject
Project("{FAE04EC0-301F-11D3-BF4B-00C04F79EFBC}") = "AdventOfCode2024.Day02.Part2App", "AdventOfCode2024.Day02.Part2App\AdventOfCode2024.Day02.Part2App.csproj", "{C9BDA31E-5CBE-40E2-90DB-BB648B9C6763}"
EndProject
Project("{FAE04EC0-301F-11D3-BF4B-00C04F79EFBC}") = "AdventOfCode2024.Day03.Part1App", "AdventOfCode2024.Day03.Part1App\AdventOfCode2024.Day03.Part1App.csproj", "{487868C2-43CE-48A1-88E0-F36A8208FED5}"
EndProject
Project("{FAE04EC0-301F-11D3-BF4B-00C04F79EFBC}") = "AdventOfCode2024.Day03.Part2App", "AdventOfCode2024.Day03.Part2App\AdventOfCode2024.Day03.Part2App.csproj", "{88D7E134-E9AD-4E79-8D3C-CF5136E07E48}"
EndProject
Project("{FAE04EC0-301F-11D3-BF4B-00C04F79EFBC}") = "AdventOfCode2024.Day04.Part1App", "AdventOfCode2024.Day04.Part1App\AdventOfCode2024.Day04.Part1App.csproj", "{2BA288D3-CAAF-4B24-A09B-8A6448D6A107}"
EndProject
Project("{2150E333-8FDC-42A3-9474-1A3956D46DE8}") = "Done", "Done", "{1B407BE0-33EE-4B1F-AB66-437BF386690D}"
EndProject
Project("{FAE04EC0-301F-11D3-BF4B-00C04F79EFBC}") = "AdventOfCode2024.Day04.Part2App", "AdventOfCode2024.Day04.Part2App\AdventOfCode2024.Day04.Part2App.csproj", "{08AED9DE-C52B-4FC5-94BA-90E7CC41935C}"
EndProject
Project("{FAE04EC0-301F-11D3-BF4B-00C04F79EFBC}") = "AdventOfCode2024.Day05.Part1App", "AdventOfCode2024.Day05.Part1App\AdventOfCode2024.Day05.Part1App.csproj", "{A64C9D57-0520-4FF1-803D-4ECA01E3B6D6}"
EndProject
Project("{FAE04EC0-301F-11D3-BF4B-00C04F79EFBC}") = "AdventOfCode2024.Day05.Part2App", "AdventOfCode2024.Day05.Part2App\AdventOfCode2024.Day05.Part2App.csproj", "{C4939F83-9AB7-4E8F-91F0-6F357AD8919F}"
EndProject
Project("{FAE04EC0-301F-11D3-BF4B-00C04F79EFBC}") = "AdventOfCode2024.Day06.Part1App", "AdventOfCode2024.Day06.Part1App\AdventOfCode2024.Day06.Part1App.csproj", "{C1F95F9E-F1EB-49AA-BEE9-EDDD74633DB7}"
EndProject
Project("{FAE04EC0-301F-11D3-BF4B-00C04F79EFBC}") = "AdventOfCode2024.Day06.Part2App", "AdventOfCode2024.Day06.Part2App\AdventOfCode2024.Day06.Part2App.csproj", "{4E11F6A5-7DF8-44A1-8F85-B86C9BEBDC3A}"
EndProject
Project("{FAE04EC0-301F-11D3-BF4B-00C04F79EFBC}") = "AdventOfCode2024.Day07.Part1App", "AdventOfCode2024.Day07.Part1App\AdventOfCode2024.Day07.Part1App.csproj", "{B2AB752A-ADEC-4887-8C49-215911A7C7D4}"
EndProject
Project("{FAE04EC0-301F-11D3-BF4B-00C04F79EFBC}") = "AdventOfCode2024.Day07.Part2App", "AdventOfCode2024.Day07.Part2App\AdventOfCode2024.Day07.Part2App.csproj", "{50695203-E7CB-461A-A97B-109E0A21F635}"
EndProject
Project("{2150E333-8FDC-42A3-9474-1A3956D46DE8}") = "InProgress", "InProgress", "{02EA681E-C7D8-13C7-8484-4AC65E1B71E8}"
EndProject
Project("{FAE04EC0-301F-11D3-BF4B-00C04F79EFBC}") = "AdventOfCode2024.Day08.Part1App", "AdventOfCode2024.Day08.Part1App\AdventOfCode2024.Day08.Part1App.csproj", "{064E8885-C350-4F54-B818-DEBA33A9E485}"
EndProject
Project("{FAE04EC0-301F-11D3-BF4B-00C04F79EFBC}") = "AdventOfCode2024.Day08.Part2App", "AdventOfCode2024.Day08.Part2App\AdventOfCode2024.Day08.Part2App.csproj", "{2B76360D-F563-45C6-9B01-A7B3925CCC65}"
EndProject
Global
	GlobalSection(SolutionConfigurationPlatforms) = preSolution
		Debug|Any CPU = Debug|Any CPU
		Release|Any CPU = Release|Any CPU
	EndGlobalSection
	GlobalSection(ProjectConfigurationPlatforms) = postSolution
		{69EB215E-A912-45B4-A465-5D9C07223C83}.Debug|Any CPU.ActiveCfg = Debug|Any CPU
		{69EB215E-A912-45B4-A465-5D9C07223C83}.Debug|Any CPU.Build.0 = Debug|Any CPU
		{69EB215E-A912-45B4-A465-5D9C07223C83}.Release|Any CPU.ActiveCfg = Release|Any CPU
		{69EB215E-A912-45B4-A465-5D9C07223C83}.Release|Any CPU.Build.0 = Release|Any CPU
		{4E31017D-8F43-461C-8367-8C16E5A41D1D}.Debug|Any CPU.ActiveCfg = Debug|Any CPU
		{4E31017D-8F43-461C-8367-8C16E5A41D1D}.Debug|Any CPU.Build.0 = Debug|Any CPU
		{4E31017D-8F43-461C-8367-8C16E5A41D1D}.Release|Any CPU.ActiveCfg = Release|Any CPU
		{4E31017D-8F43-461C-8367-8C16E5A41D1D}.Release|Any CPU.Build.0 = Release|Any CPU
		{09DCFF01-E81A-4435-A01E-A1B4EAB41996}.Debug|Any CPU.ActiveCfg = Debug|Any CPU
		{09DCFF01-E81A-4435-A01E-A1B4EAB41996}.Debug|Any CPU.Build.0 = Debug|Any CPU
		{09DCFF01-E81A-4435-A01E-A1B4EAB41996}.Release|Any CPU.ActiveCfg = Release|Any CPU
		{09DCFF01-E81A-4435-A01E-A1B4EAB41996}.Release|Any CPU.Build.0 = Release|Any CPU
		{C9BDA31E-5CBE-40E2-90DB-BB648B9C6763}.Debug|Any CPU.ActiveCfg = Debug|Any CPU
		{C9BDA31E-5CBE-40E2-90DB-BB648B9C6763}.Debug|Any CPU.Build.0 = Debug|Any CPU
		{C9BDA31E-5CBE-40E2-90DB-BB648B9C6763}.Release|Any CPU.ActiveCfg = Release|Any CPU
		{C9BDA31E-5CBE-40E2-90DB-BB648B9C6763}.Release|Any CPU.Build.0 = Release|Any CPU
		{487868C2-43CE-48A1-88E0-F36A8208FED5}.Debug|Any CPU.ActiveCfg = Debug|Any CPU
		{487868C2-43CE-48A1-88E0-F36A8208FED5}.Debug|Any CPU.Build.0 = Debug|Any CPU
		{487868C2-43CE-48A1-88E0-F36A8208FED5}.Release|Any CPU.ActiveCfg = Release|Any CPU
		{487868C2-43CE-48A1-88E0-F36A8208FED5}.Release|Any CPU.Build.0 = Release|Any CPU
		{88D7E134-E9AD-4E79-8D3C-CF5136E07E48}.Debug|Any CPU.ActiveCfg = Debug|Any CPU
		{88D7E134-E9AD-4E79-8D3C-CF5136E07E48}.Debug|Any CPU.Build.0 = Debug|Any CPU
		{88D7E134-E9AD-4E79-8D3C-CF5136E07E48}.Release|Any CPU.ActiveCfg = Release|Any CPU
		{88D7E134-E9AD-4E79-8D3C-CF5136E07E48}.Release|Any CPU.Build.0 = Release|Any CPU
		{2BA288D3-CAAF-4B24-A09B-8A6448D6A107}.Debug|Any CPU.ActiveCfg = Debug|Any CPU
		{2BA288D3-CAAF-4B24-A09B-8A6448D6A107}.Debug|Any CPU.Build.0 = Debug|Any CPU
		{2BA288D3-CAAF-4B24-A09B-8A6448D6A107}.Release|Any CPU.ActiveCfg = Release|Any CPU
		{2BA288D3-CAAF-4B24-A09B-8A6448D6A107}.Release|Any CPU.Build.0 = Release|Any CPU
		{08AED9DE-C52B-4FC5-94BA-90E7CC41935C}.Debug|Any CPU.ActiveCfg = Debug|Any CPU
		{08AED9DE-C52B-4FC5-94BA-90E7CC41935C}.Debug|Any CPU.Build.0 = Debug|Any CPU
		{08AED9DE-C52B-4FC5-94BA-90E7CC41935C}.Release|Any CPU.ActiveCfg = Release|Any CPU
		{08AED9DE-C52B-4FC5-94BA-90E7CC41935C}.Release|Any CPU.Build.0 = Release|Any CPU
		{A64C9D57-0520-4FF1-803D-4ECA01E3B6D6}.Debug|Any CPU.ActiveCfg = Debug|Any CPU
		{A64C9D57-0520-4FF1-803D-4ECA01E3B6D6}.Debug|Any CPU.Build.0 = Debug|Any CPU
		{A64C9D57-0520-4FF1-803D-4ECA01E3B6D6}.Release|Any CPU.ActiveCfg = Release|Any CPU
		{A64C9D57-0520-4FF1-803D-4ECA01E3B6D6}.Release|Any CPU.Build.0 = Release|Any CPU
		{C4939F83-9AB7-4E8F-91F0-6F357AD8919F}.Debug|Any CPU.ActiveCfg = Debug|Any CPU
		{C4939F83-9AB7-4E8F-91F0-6F357AD8919F}.Debug|Any CPU.Build.0 = Debug|Any CPU
		{C4939F83-9AB7-4E8F-91F0-6F357AD8919F}.Release|Any CPU.ActiveCfg = Release|Any CPU
		{C4939F83-9AB7-4E8F-91F0-6F357AD8919F}.Release|Any CPU.Build.0 = Release|Any CPU
		{C1F95F9E-F1EB-49AA-BEE9-EDDD74633DB7}.Debug|Any CPU.ActiveCfg = Debug|Any CPU
		{C1F95F9E-F1EB-49AA-BEE9-EDDD74633DB7}.Debug|Any CPU.Build.0 = Debug|Any CPU
		{C1F95F9E-F1EB-49AA-BEE9-EDDD74633DB7}.Release|Any CPU.ActiveCfg = Release|Any CPU
		{C1F95F9E-F1EB-49AA-BEE9-EDDD74633DB7}.Release|Any CPU.Build.0 = Release|Any CPU
		{4E11F6A5-7DF8-44A1-8F85-B86C9BEBDC3A}.Debug|Any CPU.ActiveCfg = Debug|Any CPU
		{4E11F6A5-7DF8-44A1-8F85-B86C9BEBDC3A}.Debug|Any CPU.Build.0 = Debug|Any CPU
		{4E11F6A5-7DF8-44A1-8F85-B86C9BEBDC3A}.Release|Any CPU.ActiveCfg = Release|Any CPU
		{4E11F6A5-7DF8-44A1-8F85-B86C9BEBDC3A}.Release|Any CPU.Build.0 = Release|Any CPU
		{B2AB752A-ADEC-4887-8C49-215911A7C7D4}.Debug|Any CPU.ActiveCfg = Debug|Any CPU
		{B2AB752A-ADEC-4887-8C49-215911A7C7D4}.Debug|Any CPU.Build.0 = Debug|Any CPU
		{B2AB752A-ADEC-4887-8C49-215911A7C7D4}.Release|Any CPU.ActiveCfg = Release|Any CPU
		{B2AB752A-ADEC-4887-8C49-215911A7C7D4}.Release|Any CPU.Build.0 = Release|Any CPU
		{50695203-E7CB-461A-A97B-109E0A21F635}.Debug|Any CPU.ActiveCfg = Debug|Any CPU
		{50695203-E7CB-461A-A97B-109E0A21F635}.Debug|Any CPU.Build.0 = Debug|Any CPU
		{50695203-E7CB-461A-A97B-109E0A21F635}.Release|Any CPU.ActiveCfg = Release|Any CPU
		{50695203-E7CB-461A-A97B-109E0A21F635}.Release|Any CPU.Build.0 = Release|Any CPU
		{064E8885-C350-4F54-B818-DEBA33A9E485}.Debug|Any CPU.ActiveCfg = Debug|Any CPU
		{064E8885-C350-4F54-B818-DEBA33A9E485}.Debug|Any CPU.Build.0 = Debug|Any CPU
		{064E8885-C350-4F54-B818-DEBA33A9E485}.Release|Any CPU.ActiveCfg = Release|Any CPU
		{064E8885-C350-4F54-B818-DEBA33A9E485}.Release|Any CPU.Build.0 = Release|Any CPU
		{2B76360D-F563-45C6-9B01-A7B3925CCC65}.Debug|Any CPU.ActiveCfg = Debug|Any CPU
		{2B76360D-F563-45C6-9B01-A7B3925CCC65}.Debug|Any CPU.Build.0 = Debug|Any CPU
		{2B76360D-F563-45C6-9B01-A7B3925CCC65}.Release|Any CPU.ActiveCfg = Release|Any CPU
		{2B76360D-F563-45C6-9B01-A7B3925CCC65}.Release|Any CPU.Build.0 = Release|Any CPU
	EndGlobalSection
	GlobalSection(SolutionProperties) = preSolution
		HideSolutionNode = FALSE
	EndGlobalSection
	GlobalSection(NestedProjects) = preSolution
		{69EB215E-A912-45B4-A465-5D9C07223C83} = {1B407BE0-33EE-4B1F-AB66-437BF386690D}
		{4E31017D-8F43-461C-8367-8C16E5A41D1D} = {1B407BE0-33EE-4B1F-AB66-437BF386690D}
		{09DCFF01-E81A-4435-A01E-A1B4EAB41996} = {1B407BE0-33EE-4B1F-AB66-437BF386690D}
		{C9BDA31E-5CBE-40E2-90DB-BB648B9C6763} = {1B407BE0-33EE-4B1F-AB66-437BF386690D}
		{487868C2-43CE-48A1-88E0-F36A8208FED5} = {1B407BE0-33EE-4B1F-AB66-437BF386690D}
		{88D7E134-E9AD-4E79-8D3C-CF5136E07E48} = {1B407BE0-33EE-4B1F-AB66-437BF386690D}
		{2BA288D3-CAAF-4B24-A09B-8A6448D6A107} = {1B407BE0-33EE-4B1F-AB66-437BF386690D}
		{08AED9DE-C52B-4FC5-94BA-90E7CC41935C} = {1B407BE0-33EE-4B1F-AB66-437BF386690D}
		{A64C9D57-0520-4FF1-803D-4ECA01E3B6D6} = {1B407BE0-33EE-4B1F-AB66-437BF386690D}
		{C4939F83-9AB7-4E8F-91F0-6F357AD8919F} = {1B407BE0-33EE-4B1F-AB66-437BF386690D}
		{C1F95F9E-F1EB-49AA-BEE9-EDDD74633DB7} = {02EA681E-C7D8-13C7-8484-4AC65E1B71E8}
		{4E11F6A5-7DF8-44A1-8F85-B86C9BEBDC3A} = {02EA681E-C7D8-13C7-8484-4AC65E1B71E8}
		{B2AB752A-ADEC-4887-8C49-215911A7C7D4} = {1B407BE0-33EE-4B1F-AB66-437BF386690D}
		{50695203-E7CB-461A-A97B-109E0A21F635} = {1B407BE0-33EE-4B1F-AB66-437BF386690D}
		{064E8885-C350-4F54-B818-DEBA33A9E485} = {1B407BE0-33EE-4B1F-AB66-437BF386690D}
		{2B76360D-F563-45C6-9B01-A7B3925CCC65} = {1B407BE0-33EE-4B1F-AB66-437BF386690D}
	EndGlobalSection
	GlobalSection(ExtensibilityGlobals) = postSolution
		SolutionGuid = {2D8EA931-263E-407A-AF33-44C2757BB407}
	EndGlobalSection
EndGlobal
